{
  "version": 1,
  "dependencies": {
    "net10.0-windows7.0": {
      "Cronos": {
        "type": "Direct",
        "requested": "[0.12.0, )",
        "resolved": "0.12.0",
        "contentHash": "rOBW2cimLtkRoyLIZWZx1uM300cNI2wUKOUbLbGLnNQRly5R/YK3VdC1mk3Wvt24J4k9PY5j+9WL4smv0RIZvA=="
      },
      "DalamudPackager": {
        "type": "Direct",
        "requested": "[14.0.1, )",
        "resolved": "14.0.1",
        "contentHash": "y0WWyUE6dhpGdolK3iKgwys05/nZaVf4ZPtIjpLhJBZvHxkkiE23zYRo7K7uqAgoK/QvK5cqF6l3VG5AbgC6KA=="
      },
      "DotNet.ReproducibleBuilds": {
        "type": "Direct",
        "requested": "[1.2.39, )",
        "resolved": "1.2.39",
        "contentHash": "fcFN01tDTIQqDuTwr1jUQK/geofiwjG5DycJQOnC72i1SsLAk1ELe+apBOuZ11UMQG8YKFZG1FgvjZPbqHyatg=="
      },
      "Humanizer.Core": {
        "type": "Direct",
        "requested": "[3.0.10, )",
        "resolved": "3.0.10",
        "contentHash": "yZIhtw8sYuvsONzQbZxWpR60tMWYHXoo0DL6nyOqSFiU5POjBTSEyWFpTQtJEZuy+oqiYTXKXY/Mjx7KnqIQFw=="
      },
      "IgnoresAccessChecksToGenerator": {
        "type": "Direct",
        "requested": "[0.8.0, )",
        "resolved": "0.8.0",
        "contentHash": "LvZGHzbfdRkjzVGAcJYdU3+cvld5EHqRkNRreNSolDpRcPPUmbCr6jLfwgku+Y8ugVKUz7hx4lOLzqj9ASc+qg=="
      },
      "JavaScriptEngineSwitcher.Core": {
        "type": "Direct",
        "requested": "[3.31.0, )",
        "resolved": "3.31.0",
        "contentHash": "IFniRChO1iFj9umQ32tm7D5+ogtJGNPFwp2opPupo+biqUsBRhr7Vz9GZyGay5wisvFdylmcnFo99gANcOileg==",
        "dependencies": {
          "AdvancedStringBuilder": "0.2.0"
        }
      },
      "JavaScriptEngineSwitcher.V8": {
        "type": "Direct",
        "requested": "[3.31.0, )",
        "resolved": "3.31.0",
        "contentHash": "4shj/KBgKwFT0cGYJoTMEiII0I41Yh61BIjdWHCJO4b8CjM7HfBUe+0FOybsnADc2G3QHGzcE0u82+70yI48sQ==",
        "dependencies": {
          "JavaScriptEngineSwitcher.Core": "3.31.0",
          "Microsoft.ClearScript.V8": "7.5.0"
        }
      },
      "Microsoft.ClearScript.V8.Native.win-x64": {
        "type": "Direct",
        "requested": "[7.5.0, )",
        "resolved": "7.5.0",
        "contentHash": "DKMxDLboTNflYkwDQ/ELrSf1vXTpew5UZ8xzrXSVKYFBU570VA6NKh1etEGhufuCuDyU7Je5L2g6H+19Dbl+tA=="
      },
      "Newtonsoft.Json": {
        "type": "Direct",
        "requested": "[13.0.4, )",
        "resolved": "13.0.4",
        "contentHash": "pdgNNMai3zv51W5aq268sujXUyx7SNdE2bj1wZcWjAQrKMFZV260lbqYop1d2GM67JI1huLRwxo9ZqnfF/lC6A=="
      },
      "sqlite-net-pcl": {
        "type": "Direct",
        "requested": "[1.9.172, )",
        "resolved": "1.9.172",
        "contentHash": "go533+huyvg5bOMmCpX+DyvLrcVRiEBIpqEiDHgXRijWIBBNkWnyMr/w+5ZzrUArKY+4ApucsbBnFtP3QITrJg==",
        "dependencies": {
          "SQLitePCLRaw.bundle_green": "2.1.2"
        }
      },
      "ThrottleDebounce": {
        "type": "Direct",
        "requested": "[2.0.1, )",
        "resolved": "2.0.1",
        "contentHash": "6kdd65+HCrSbO80ELfyQJMs/My8tbpqoxS6VDfhQSdTq8y2kLjxpfxnVEeh3Av1Q+XDOxMv/rBXYsgQR3iQswA=="
      },
      "AdvancedStringBuilder": {
        "type": "Transitive",
        "resolved": "0.2.0",
        "contentHash": "+XOjGvq+4pnmAWLLUimuINKsQTHEqxuA6eDkqUmzIBEsQH1Uz55nGmgVHE6QsocOk1BGnu1janyPeH+cOt00Tg=="
      },
      "Microsoft.ClearScript.Core": {
        "type": "Transitive",
        "resolved": "7.5.0",
        "contentHash": "7BfzQZA7LdgpfJGSy/GBzKuURb32UpJGQObH5WAavkUxS/u9h/KaEl8N4812F6f4UWVrtwI5XdRgLMu6ukt38A=="
      },
      "Microsoft.ClearScript.V8": {
        "type": "Transitive",
        "resolved": "7.5.0",
        "contentHash": "k2xS9o6Oz57xx24nVhOqrkmJN/sDdkYTwdfmu2XS5KpnmAyqeVJBCfc9Wh83UvKUYb7lQBHSCk7gk2hLyJoG4Q==",
        "dependencies": {
          "Microsoft.ClearScript.Core": "7.5.0",
          "Microsoft.ClearScript.V8.ICUData": "7.5.0",
          "Newtonsoft.Json": "13.0.3"
        }
      },
      "Microsoft.ClearScript.V8.ICUData": {
        "type": "Transitive",
        "resolved": "7.5.0",
        "contentHash": "brX7rIjvZPt/ZDSZOPf36ULxhlsFcEgg2WLeOXCFkexTH7MWgUGy//6vMry/QvTLhSgDrs5z+8SbEU1krnuxRg=="
      },
      "SQLitePCLRaw.bundle_green": {
        "type": "Transitive",
        "resolved": "2.1.2",
        "contentHash": "e2FRX87YHoSer+tLFX9P/povHLK0uH7UcdimHRPnfTSam+NZChVVXjBxe1MYnyBGlwX5dSs5sTlDg/yZBM7iVw==",
        "dependencies": {
          "SQLitePCLRaw.lib.e_sqlite3": "2.1.2",
          "SQLitePCLRaw.provider.e_sqlite3": "2.1.2"
        }
      },
      "SQLitePCLRaw.core": {
        "type": "Transitive",
        "resolved": "2.1.2",
        "contentHash": "A8EBepVqY2lnAp3a8jnhbgzF2tlj2S3HcJQGANTYg/TbYbKa8Z5cM1h74An/vy0svhfzT7tVY0sFmUglLgv+2g=="
      },
      "SQLitePCLRaw.lib.e_sqlite3": {
        "type": "Transitive",
        "resolved": "2.1.2",
        "contentHash": "zibGtku8M4Eea1R3ZCAxc86QbNvyEN17mAcQkvWKBuHvRpMiK2g5anG4R5Be7cWKSd1i6baYz8y4dMMAKcXKPg=="
      },
      "SQLitePCLRaw.provider.e_sqlite3": {
        "type": "Transitive",
        "resolved": "2.1.2",
        "contentHash": "lxCZarZdvAsMl2zw9bXHrXK6RxVhB4b23iTFhCOdHFhxfbsxLxWf+ocvswJwR/9Wh/E//ddMi+wJGqUKV7VwoA==",
        "dependencies": {
          "SQLitePCLRaw.core": "2.1.2"
        }
      }
    }
  }
}