{
  "version": 1,
  "dependencies": {
    "net8.0-windows7.0": {
      "Cronos": {
        "type": "Direct",
        "requested": "[0.8.4, )",
        "resolved": "0.8.4",
        "contentHash": "sTyvTH8hh5YWivinRGzL5QrfKKt59I/Hh+4m8j6vmtJdSOWA4I3B+AS9iJk3RdQqZ+i4E+0PlhYuY9iaxDLTcQ=="
      },
      "DalamudPackager": {
        "type": "Direct",
        "requested": "[2.1.13, )",
        "resolved": "2.1.13",
        "contentHash": "rMN1omGe8536f4xLMvx9NwfvpAc9YFFfeXJ1t4P4PE6Gu8WCIoFliR1sh07hM+bfODmesk/dvMbji7vNI+B/pQ=="
      },
      "Humanizer.Core": {
        "type": "Direct",
        "requested": "[2.14.1, )",
        "resolved": "2.14.1",
        "contentHash": "lQKvtaTDOXnoVJ20ibTuSIOf2i0uO0MPbDhd1jm238I+U/2ZnRENj0cktKZhtchBMtCUSRQ5v4xBCUbKNmyVMw=="
      },
      "IgnoresAccessChecksToGenerator": {
        "type": "Direct",
        "requested": "[0.7.0, )",
        "resolved": "0.7.0",
        "contentHash": "EJAf6FpUFmFjWWuKQ9swJe87KmE7mW32QDwjUWXMP4HKMJOjznm2Zol+zlMohG3j1jtXAgHG0CX2rvjAINxvfQ=="
      },
      "JavaScriptEngineSwitcher.Core": {
        "type": "Direct",
        "requested": "[3.24.1, )",
        "resolved": "3.24.1",
        "contentHash": "9r2ZMni/Tll48IUP1ckCpAYZNllkaiLg62/wfazh8nVRI2C2DNvldCBLGG2P77soDvmLDaE3tO7lpGhZP9YBDw==",
        "dependencies": {
          "AdvancedStringBuilder": "0.1.1"
        }
      },
      "JavaScriptEngineSwitcher.Jint": {
        "type": "Direct",
        "requested": "[3.27.2, )",
        "resolved": "3.27.2",
        "contentHash": "ZXN4uVW91Gm3QGbZ6FHw/8a6Bpraxg0WBKIYjf+d4sHFda+uPqAzS8xZloe6My94shRMt2rrNXC0vzBRq7/exQ==",
        "dependencies": {
          "JavaScriptEngineSwitcher.Core": "3.24.1",
          "Jint": "4.0.2"
        }
      },
      "JavaScriptEngineSwitcher.V8": {
        "type": "Direct",
        "requested": "[3.24.2, )",
        "resolved": "3.24.2",
        "contentHash": "A23FkzvK2ieBE4mSKFAOQWOnV9OwzjPJh5dy2Cfe2BZGjmsLgK9gVhaDQv9XBNduEeVhQS9Enz00/T2P+F+4ag==",
        "dependencies": {
          "JavaScriptEngineSwitcher.Core": "3.24.1",
          "Microsoft.ClearScript.V8": "7.4.5"
        }
      },
      "Microsoft.ClearScript.V8.Native.win-x64": {
        "type": "Direct",
        "requested": "[7.4.5, )",
        "resolved": "7.4.5",
        "contentHash": "LvsaJoVgcf09FJ6mZ6SIptdeuwmy42s1N2sMVO3Wqp+HAta7PPksxVh8cGelrGQmmW1C5hT1Jzc6ykxrzU4Adg=="
      },
      "Newtonsoft.Json": {
        "type": "Direct",
        "requested": "[13.0.3, )",
        "resolved": "13.0.3",
        "contentHash": "HrC5BXdl00IP9zeV+0Z848QWPAoCr9P3bDEZguI+gkLcBKAOxix/tLEAAHC+UvDNPv4a2d18lOReHMOagPa+zQ=="
      },
      "sqlite-net-pcl": {
        "type": "Direct",
        "requested": "[1.9.172, )",
        "resolved": "1.9.172",
        "contentHash": "go533+huyvg5bOMmCpX+DyvLrcVRiEBIpqEiDHgXRijWIBBNkWnyMr/w+5ZzrUArKY+4ApucsbBnFtP3QITrJg==",
        "dependencies": {
          "SQLitePCLRaw.bundle_green": "2.1.2"
        }
      },
      "ThrottleDebounce": {
        "type": "Direct",
        "requested": "[2.0.0, )",
        "resolved": "2.0.0",
        "contentHash": "/lt2PLUjE1bXCkPDVXXhZDzqaK3SmKwJ2EOq/a6ZbsgAWnRz3TqkqU0VyUncbh8bUIJQHCoPUxbwmjWeAbeIbw=="
      },
      "Acornima": {
        "type": "Transitive",
        "resolved": "1.1.0",
        "contentHash": "MFK/GNp09PF8H6uSkAZght553TddOejD9P1InvKWlGw6ILhmZjI+Y2xiIjGoJ73sbkeZzxwnCWZioK5Wed/J2g=="
      },
      "AdvancedStringBuilder": {
        "type": "Transitive",
        "resolved": "0.1.1",
        "contentHash": "32IrlspOA59ewotQ4tlKP27QhKxMKGB7oncqlwVHn/hAz+j/r3HvLr6/W9ni9Mnyktlcg6kt7QZS8rEgur1+4Q=="
      },
      "Jint": {
        "type": "Transitive",
        "resolved": "4.0.2",
        "contentHash": "/4fSpBn8b+l6f1z5ZrxoUUG9D3Tn8dX3xNXCORL9BCb5FHjoxNSluOuRVy4q/uvCm/FGIQl0F2SkIdDk8tnO0Q==",
        "dependencies": {
          "Acornima": "1.1.0"
        }
      },
      "Microsoft.ClearScript.Core": {
        "type": "Transitive",
        "resolved": "7.4.5",
        "contentHash": "CIZCty2L4mXy1xg77IbNPqsz2pS0ZsFVJZ5YolPB4j62xzvDuCFU/MKnTnKve67FGIWaB9w4LVV7YUEFmjEwzw=="
      },
      "Microsoft.ClearScript.V8": {
        "type": "Transitive",
        "resolved": "7.4.5",
        "contentHash": "/czu8ho8xEiiLF806QP6Iwgp0aN5QE1B/MsXnIIMxiaM/KccD8AfSsM68lVuyW+boGqjF7zjoSlUKs/ERUoLOQ==",
        "dependencies": {
          "Microsoft.ClearScript.Core": "7.4.5",
          "Microsoft.ClearScript.V8.ICUData": "7.4.5",
          "Newtonsoft.Json": "13.0.1"
        }
      },
      "Microsoft.ClearScript.V8.ICUData": {
        "type": "Transitive",
        "resolved": "7.4.5",
        "contentHash": "Ji6av4T2xtqZYp5Gm0MPxvez5V6s4NF/wflD8a49A/KOI3kJyPHcmL3xCRuhuHo24NbfQX6+f0YbTdwhd5VSvw=="
      },
      "SQLitePCLRaw.bundle_green": {
        "type": "Transitive",
        "resolved": "2.1.2",
        "contentHash": "e2FRX87YHoSer+tLFX9P/povHLK0uH7UcdimHRPnfTSam+NZChVVXjBxe1MYnyBGlwX5dSs5sTlDg/yZBM7iVw==",
        "dependencies": {
          "SQLitePCLRaw.lib.e_sqlite3": "2.1.2",
          "SQLitePCLRaw.provider.e_sqlite3": "2.1.2"
        }
      },
      "SQLitePCLRaw.core": {
        "type": "Transitive",
        "resolved": "2.1.2",
        "contentHash": "A8EBepVqY2lnAp3a8jnhbgzF2tlj2S3HcJQGANTYg/TbYbKa8Z5cM1h74An/vy0svhfzT7tVY0sFmUglLgv+2g==",
        "dependencies": {
          "System.Memory": "4.5.3"
        }
      },
      "SQLitePCLRaw.lib.e_sqlite3": {
        "type": "Transitive",
        "resolved": "2.1.2",
        "contentHash": "zibGtku8M4Eea1R3ZCAxc86QbNvyEN17mAcQkvWKBuHvRpMiK2g5anG4R5Be7cWKSd1i6baYz8y4dMMAKcXKPg=="
      },
      "SQLitePCLRaw.provider.e_sqlite3": {
        "type": "Transitive",
        "resolved": "2.1.2",
        "contentHash": "lxCZarZdvAsMl2zw9bXHrXK6RxVhB4b23iTFhCOdHFhxfbsxLxWf+ocvswJwR/9Wh/E//ddMi+wJGqUKV7VwoA==",
        "dependencies": {
          "SQLitePCLRaw.core": "2.1.2"
        }
      },
      "System.Memory": {
        "type": "Transitive",
        "resolved": "4.5.3",
        "contentHash": "3oDzvc/zzetpTKWMShs1AADwZjQ/36HnsufHRPcOjyRAAMLDlu2iD33MBI2opxnezcVUtXyqDXXjoFMOU9c7SA=="
      }
    }
  }
}